
Microsoft Visual Studio Solution File, Format Version 12.00
# Visual Studio Version 16
VisualStudioVersion = 16.0.31313.79
MinimumVisualStudioVersion = 10.0.40219.1
Project("{FAE04EC0-301F-11D3-BF4B-00C04F79EFBC}") = "AddressBookDatabase", "AddressBookDatabase.csproj", "{3FE399A0-155C-4A79-90A2-CF408849A6BD}"
EndProject
Global
	GlobalSection(SolutionConfigurationPlatforms) = preSolution
		Debug|Any CPU = Debug|Any CPU
		Release|Any CPU = Release|Any CPU
	EndGlobalSection
	GlobalSection(ProjectConfigurationPlatforms) = postSolution
		{3FE399A0-155C-4A79-90A2-CF408849A6BD}.Debug|Any CPU.ActiveCfg = Debug|Any CPU
		{3FE399A0-155C-4A79-90A2-CF408849A6BD}.Debug|Any CPU.Build.0 = Debug|Any CPU
		{3FE399A0-155C-4A79-90A2-CF408849A6BD}.Release|Any CPU.ActiveCfg = Release|Any CPU
		{3FE399A0-155C-4A79-90A2-CF408849A6BD}.Release|Any CPU.Build.0 = Release|Any CPU
	EndGlobalSection
	GlobalSection(SolutionProperties) = preSolution
		HideSolutionNode = FALSE
	EndGlobalSection
	GlobalSection(ExtensibilityGlobals) = postSolution
		SolutionGuid = {78712F5C-2CE5-4F2F-B846-A5719339D641}
	EndGlobalSection
EndGlobal
